
Microsoft Visual Studio Solution File, Format Version 12.00
# Visual Studio 15
VisualStudioVersion = 15.0.27004.2009
MinimumVisualStudioVersion = 10.0.40219.1
Project("{FAE04EC0-301F-11D3-BF4B-00C04F79EFBC}") = "FlashCard", "FlashCard\FlashCard.csproj", "{168DCBFF-53C8-4FAB-A3CB-5C3153DD413F}"
EndProject
Global
	GlobalSection(SolutionConfigurationPlatforms) = preSolution
		Debug|Any CPU = Debug|Any CPU
		Release|Any CPU = Release|Any CPU
	EndGlobalSection
	GlobalSection(ProjectConfigurationPlatforms) = postSolution
		{168DCBFF-53C8-4FAB-A3CB-5C3153DD413F}.Debug|Any CPU.ActiveCfg = Debug|Any CPU
		{168DCBFF-53C8-4FAB-A3CB-5C3153DD413F}.Debug|Any CPU.Build.0 = Debug|Any CPU
		{168DCBFF-53C8-4FAB-A3CB-5C3153DD413F}.Release|Any CPU.ActiveCfg = Release|Any CPU
		{168DCBFF-53C8-4FAB-A3CB-5C3153DD413F}.Release|Any CPU.Build.0 = Release|Any CPU
	EndGlobalSection
	GlobalSection(SolutionProperties) = preSolution
		HideSolutionNode = FALSE
	EndGlobalSection
	GlobalSection(ExtensibilityGlobals) = postSolution
		SolutionGuid = {4E49CF9D-2576-478A-A632-AC9BF3C03315}
	EndGlobalSection
EndGlobal
